{
  "version": 4,
  "terraform_version": "1.9.4",
  "serial": 13,
  "lineage": "ac30d570-f201-62e4-b2c6-9145166663d3",
  "outputs": {},
  "resources": [
    {
      "module": "module.app_service",
      "mode": "managed",
      "type": "azurerm_app_service",
      "name": "this",
      "provider": "provider[\"registry.terraform.io/hashicorp/azurerm\"]",
      "instances": [
        {
          "schema_version": 0,
          "attributes": {
            "app_service_plan_id": "/subscriptions/ea2fa760-0603-4d46-a646-92ddcfebea32/resourceGroups/bkr001-resource-group/providers/Microsoft.Web/serverfarms/bkr001-app-service-plan",
            "app_settings": {
              "WEBSITE_NODE_DEFAULT_VERSION": "6.9.1"
            },
            "auth_settings": [
              {
                "active_directory": [],
                "additional_login_params": {},
                "allowed_external_redirect_urls": [],
                "default_provider": "",
                "enabled": false,
                "facebook": [],
                "google": [],
                "issuer": "",
                "microsoft": [],
                "runtime_version": "",
                "token_refresh_extension_hours": 0,
                "token_store_enabled": false,
                "twitter": [],
                "unauthenticated_client_action": ""
              }
            ],
            "backup": [],
            "client_affinity_enabled": false,
            "client_cert_enabled": false,
            "connection_string": [],
            "custom_domain_verification_id": "57A79B5122B8C7084C2AF96BDC27D4AF1F6A19087930794B0E660B52C31AE629",
            "default_site_hostname": "bkr001-app-service.azurewebsites.net",
            "enabled": true,
            "https_only": false,
            "id": "/subscriptions/ea2fa760-0603-4d46-a646-92ddcfebea32/resourceGroups/bkr001-resource-group/providers/Microsoft.Web/sites/bkr001-app-service",
            "identity": [],
            "location": "eastus",
            "logs": [
              {
                "application_logs": [
                  {
                    "azure_blob_storage": [],
                    "file_system_level": "Off"
                  }
                ],
                "detailed_error_messages_enabled": false,
                "failed_request_tracing_enabled": false,
                "http_logs": [
                  {
                    "azure_blob_storage": [],
                    "file_system": []
                  }
                ]
              }
            ],
            "name": "bkr001-app-service",
            "outbound_ip_address_list": [
              "20.246.139.107",
              "20.246.139.209",
              "20.246.139.227",
              "20.246.140.26",
              "20.246.137.150",
              "20.246.140.84",
              "20.119.8.39"
            ],
            "outbound_ip_addresses": "20.246.139.107,20.246.139.209,20.246.139.227,20.246.140.26,20.246.137.150,20.246.140.84,20.119.8.39",
            "possible_outbound_ip_address_list": [
              "20.246.139.107",
              "20.246.139.209",
              "20.246.139.227",
              "20.246.140.26",
              "20.246.137.150",
              "20.246.140.84",
              "20.237.31.195",
              "20.246.140.105",
              "20.246.140.132",
              "20.246.140.161",
              "20.246.140.176",
              "20.246.140.194",
              "20.246.141.7",
              "20.246.141.85",
              "20.246.141.92",
              "20.246.141.133",
              "20.237.26.26",
              "20.237.25.46",
              "20.237.26.230",
              "20.237.26.239",
              "20.237.28.80",
              "20.237.28.147",
              "20.237.29.74",
              "20.237.29.141",
              "20.237.29.167",
              "20.237.29.225",
              "20.237.29.251",
              "20.237.30.132",
              "20.237.30.133",
              "20.237.30.138",
              "20.119.8.39"
            ],
            "possible_outbound_ip_addresses": "20.246.139.107,20.246.139.209,20.246.139.227,20.246.140.26,20.246.137.150,20.246.140.84,20.237.31.195,20.246.140.105,20.246.140.132,20.246.140.161,20.246.140.176,20.246.140.194,20.246.141.7,20.246.141.85,20.246.141.92,20.246.141.133,20.237.26.26,20.237.25.46,20.237.26.230,20.237.26.239,20.237.28.80,20.237.28.147,20.237.29.74,20.237.29.141,20.237.29.167,20.237.29.225,20.237.29.251,20.237.30.132,20.237.30.133,20.237.30.138,20.119.8.39",
            "resource_group_name": "bkr001-resource-group",
            "site_config": [
              {
                "always_on": false,
                "app_command_line": "",
                "auto_swap_slot_name": "",
                "cors": [],
                "default_documents": [
                  "Default.htm",
                  "Default.html",
                  "Default.asp",
                  "index.htm",
                  "index.html",
                  "iisstart.htm",
                  "default.aspx",
                  "index.php",
                  "hostingstart.html"
                ],
                "dotnet_framework_version": "v4.0",
                "ftps_state": "FtpsOnly",
                "health_check_path": "",
                "http2_enabled": false,
                "ip_restriction": [],
                "java_container": "",
                "java_container_version": "",
                "java_version": "",
                "linux_fx_version": "",
                "local_mysql_enabled": false,
                "managed_pipeline_mode": "Integrated",
                "min_tls_version": "1.2",
                "number_of_workers": 1,
                "php_version": "5.6",
                "python_version": "",
                "remote_debugging_enabled": false,
                "remote_debugging_version": "",
                "scm_ip_restriction": [],
                "scm_type": "None",
                "scm_use_main_ip_restriction": false,
                "use_32_bit_worker_process": true,
                "websockets_enabled": false,
                "windows_fx_version": ""
              }
            ],
            "site_credential": [
              {
                "password": "npW6f7EwDP2aKXTlFaZrtuHgyPFuDpRjZskYChwS9ClCxdc7GivRLXhzfjqh",
                "username": "$bkr001-app-service"
              }
            ],
            "source_control": [
              {
                "branch": "master",
                "manual_integration": false,
                "repo_url": "",
                "rollback_enabled": false,
                "use_mercurial": false
              }
            ],
            "storage_account": [],
            "tags": {},
            "timeouts": null
          },
          "sensitive_attributes": [],
          "private": "eyJlMmJmYjczMC1lY2FhLTExZTYtOGY4OC0zNDM2M2JjN2M0YzAiOnsiY3JlYXRlIjoxODAwMDAwMDAwMDAwLCJkZWxldGUiOjE4MDAwMDAwMDAwMDAsInJlYWQiOjMwMDAwMDAwMDAwMCwidXBkYXRlIjoxODAwMDAwMDAwMDAwfX0=",
          "dependencies": [
            "module.CosmoDB.azurerm_cosmosdb_account.this",
            "module.app_service_plan.azurerm_app_service_plan.this",
            "module.resource.azurerm_resource_group.this"
          ]
        }
      ]
    },
    {
      "module": "module.app_service_plan",
      "mode": "managed",
      "type": "azurerm_app_service_plan",
      "name": "this",
      "provider": "provider[\"registry.terraform.io/hashicorp/azurerm\"]",
      "instances": [
        {
          "schema_version": 0,
          "attributes": {
            "app_service_environment_id": "",
            "id": "/subscriptions/ea2fa760-0603-4d46-a646-92ddcfebea32/resourceGroups/bkr001-resource-group/providers/Microsoft.Web/serverfarms/bkr001-app-service-plan",
            "is_xenon": false,
            "kind": "Windows",
            "location": "eastus",
            "maximum_elastic_worker_count": 1,
            "maximum_number_of_workers": 10,
            "name": "bkr001-app-service-plan",
            "per_site_scaling": false,
            "reserved": false,
            "resource_group_name": "bkr001-resource-group",
            "sku": [
              {
                "capacity": 1,
                "size": "S1",
                "tier": "Standard"
              }
            ],
            "tags": {},
            "timeouts": null
          },
          "sensitive_attributes": [],
          "private": "eyJlMmJmYjczMC1lY2FhLTExZTYtOGY4OC0zNDM2M2JjN2M0YzAiOnsiY3JlYXRlIjozNjAwMDAwMDAwMDAwLCJkZWxldGUiOjM2MDAwMDAwMDAwMDAsInJlYWQiOjMwMDAwMDAwMDAwMCwidXBkYXRlIjozNjAwMDAwMDAwMDAwfX0=",
          "dependencies": [
            "module.resource.azurerm_resource_group.this"
          ]
        }
      ]
    },
    {
      "module": "module.resource",
      "mode": "managed",
      "type": "azurerm_resource_group",
      "name": "this",
      "provider": "provider[\"registry.terraform.io/hashicorp/azurerm\"]",
      "instances": [
        {
          "schema_version": 0,
          "attributes": {
            "id": "/subscriptions/ea2fa760-0603-4d46-a646-92ddcfebea32/resourceGroups/bkr001-resource-group",
            "location": "eastus",
            "name": "bkr001-resource-group",
            "tags": {},
            "timeouts": null
          },
          "sensitive_attributes": [],
          "private": "eyJlMmJmYjczMC1lY2FhLTExZTYtOGY4OC0zNDM2M2JjN2M0YzAiOnsiY3JlYXRlIjo1NDAwMDAwMDAwMDAwLCJkZWxldGUiOjU0MDAwMDAwMDAwMDAsInJlYWQiOjMwMDAwMDAwMDAwMCwidXBkYXRlIjo1NDAwMDAwMDAwMDAwfX0="
        }
      ]
    },
    {
      "module": "module.subnet",
      "mode": "managed",
      "type": "azurerm_subnet",
      "name": "this",
      "provider": "provider[\"registry.terraform.io/hashicorp/azurerm\"]",
      "instances": [
        {
          "schema_version": 0,
          "attributes": {
            "address_prefix": "10.0.1.0/24",
            "address_prefixes": [
              "10.0.1.0/24"
            ],
            "delegation": [
              {
                "name": "example-delegation",
                "service_delegation": [
                  {
                    "actions": [
                      "Microsoft.Network/virtualNetworks/subnets/action"
                    ],
                    "name": "Microsoft.Web/serverFarms"
                  }
                ]
              }
            ],
            "enforce_private_link_endpoint_network_policies": false,
            "enforce_private_link_service_network_policies": false,
            "id": "/subscriptions/ea2fa760-0603-4d46-a646-92ddcfebea32/resourceGroups/bkr001-resource-group/providers/Microsoft.Network/virtualNetworks/bakrs-virtual-network/subnets/bakrs-subnet",
            "name": "bakrs-subnet",
            "resource_group_name": "bkr001-resource-group",
            "service_endpoint_policy_ids": [],
            "service_endpoints": [],
            "timeouts": null,
            "virtual_network_name": "bakrs-virtual-network"
          },
          "sensitive_attributes": [],
          "private": "eyJlMmJmYjczMC1lY2FhLTExZTYtOGY4OC0zNDM2M2JjN2M0YzAiOnsiY3JlYXRlIjoxODAwMDAwMDAwMDAwLCJkZWxldGUiOjE4MDAwMDAwMDAwMDAsInJlYWQiOjMwMDAwMDAwMDAwMCwidXBkYXRlIjoxODAwMDAwMDAwMDAwfX0=",
          "dependencies": [
            "module.resource.azurerm_resource_group.this",
            "module.vnet.azurerm_virtual_network.this"
          ]
        }
      ]
    },
    {
      "module": "module.swift",
      "mode": "managed",
      "type": "azurerm_app_service_virtual_network_swift_connection",
      "name": "this",
      "provider": "provider[\"registry.terraform.io/hashicorp/azurerm\"]",
      "instances": [
        {
          "schema_version": 0,
          "attributes": {
            "app_service_id": "/subscriptions/ea2fa760-0603-4d46-a646-92ddcfebea32/resourceGroups/bkr001-resource-group/providers/Microsoft.Web/sites/bkr001-app-service",
            "id": "/subscriptions/ea2fa760-0603-4d46-a646-92ddcfebea32/resourceGroups/bkr001-resource-group/providers/Microsoft.Web/sites/bkr001-app-service/config/virtualNetwork",
            "subnet_id": "/subscriptions/ea2fa760-0603-4d46-a646-92ddcfebea32/resourceGroups/bkr001-resource-group/providers/Microsoft.Network/virtualNetworks/bakrs-virtual-network/subnets/bakrs-subnet",
            "timeouts": null
          },
          "sensitive_attributes": [],
          "private": "eyJlMmJmYjczMC1lY2FhLTExZTYtOGY4OC0zNDM2M2JjN2M0YzAiOnsiY3JlYXRlIjoxODAwMDAwMDAwMDAwLCJkZWxldGUiOjE4MDAwMDAwMDAwMDAsInJlYWQiOjMwMDAwMDAwMDAwMCwidXBkYXRlIjoxODAwMDAwMDAwMDAwfX0=",
          "dependencies": [
            "module.CosmoDB.azurerm_cosmosdb_account.this",
            "module.app_service.azurerm_app_service.this",
            "module.app_service_plan.azurerm_app_service_plan.this",
            "module.resource.azurerm_resource_group.this",
            "module.subnet.azurerm_subnet.this",
            "module.vnet.azurerm_virtual_network.this"
          ]
        }
      ]
    },
    {
      "module": "module.vnet",
      "mode": "managed",
      "type": "azurerm_virtual_network",
      "name": "this",
      "provider": "provider[\"registry.terraform.io/hashicorp/azurerm\"]",
      "instances": [
        {
          "schema_version": 0,
          "attributes": {
            "address_space": [
              "10.0.0.0/16"
            ],
            "bgp_community": "",
            "ddos_protection_plan": [],
            "dns_servers": [],
            "guid": "7b833fc9-600c-4776-b1b7-658786b85359",
            "id": "/subscriptions/ea2fa760-0603-4d46-a646-92ddcfebea32/resourceGroups/bkr001-resource-group/providers/Microsoft.Network/virtualNetworks/bakrs-virtual-network",
            "location": "eastus",
            "name": "bakrs-virtual-network",
            "resource_group_name": "bkr001-resource-group",
            "subnet": [
              {
                "address_prefix": "10.0.1.0/24",
                "id": "/subscriptions/ea2fa760-0603-4d46-a646-92ddcfebea32/resourceGroups/bkr001-resource-group/providers/Microsoft.Network/virtualNetworks/bakrs-virtual-network/subnets/bakrs-subnet",
                "name": "bakrs-subnet",
                "security_group": ""
              }
            ],
            "tags": {},
            "timeouts": null,
            "vm_protection_enabled": false
          },
          "sensitive_attributes": [],
          "private": "eyJlMmJmYjczMC1lY2FhLTExZTYtOGY4OC0zNDM2M2JjN2M0YzAiOnsiY3JlYXRlIjoxODAwMDAwMDAwMDAwLCJkZWxldGUiOjE4MDAwMDAwMDAwMDAsInJlYWQiOjMwMDAwMDAwMDAwMCwidXBkYXRlIjoxODAwMDAwMDAwMDAwfX0=",
          "dependencies": [
            "module.resource.azurerm_resource_group.this"
          ]
        }
      ]
    }
  ],
  "check_results": null
}
